# This file is automatically @generated by Cargo.
# It is not intended for manual editing.
version = 4

[[package]]
name = "browser-paths"
version = "1.1.1"
dependencies = [
 "urlogger",
 "which",
]

[[package]]
name = "libc"
version = "0.2.182"
source = "registry+https://github.com/rust-lang/crates.io-index"
checksum = "6800badb6cb2082ffd7b6a67e6125bb39f18782f793520caee8cb8846be06112"

[[package]]
name = "urlogger"
version = "1.1.2"
source = "registry+https://github.com/rust-lang/crates.io-index"
checksum = "666d8373bbdcfbbe18a850fe1370fc6a95f8a7c5b89c060df091f144bbac31ad"

[[package]]
name = "which"
version = "8.0.2"
source = "registry+https://github.com/rust-lang/crates.io-index"
checksum = "81995fafaaaf6ae47a7d0cc83c67caf92aeb7e5331650ae6ff856f7c0c60c459"
dependencies = [
 "libc",
]
